
Microsoft Visual Studio Solution File, Format Version 12.00
# Visual Studio Version 17
VisualStudioVersion = 17.9.34607.119
MinimumVisualStudioVersion = 10.0.40219.1
Project("{9A19103F-16F7-4668-BE54-9A1E7A4F7556}") = "StokTakip", "StokTakip\StokTakip.csproj", "{34435DA3-6E80-42D8-88BE-28A6CE4076A9}"
EndProject
Global
	GlobalSection(SolutionConfigurationPlatforms) = preSolution
		Debug|Any CPU = Debug|Any CPU
		Release|Any CPU = Release|Any CPU
	EndGlobalSection
	GlobalSection(ProjectConfigurationPlatforms) = postSolution
		{34435DA3-6E80-42D8-88BE-28A6CE4076A9}.Debug|Any CPU.ActiveCfg = Debug|Any CPU
		{34435DA3-6E80-42D8-88BE-28A6CE4076A9}.Debug|Any CPU.Build.0 = Debug|Any CPU
		{34435DA3-6E80-42D8-88BE-28A6CE4076A9}.Release|Any CPU.ActiveCfg = Release|Any CPU
		{34435DA3-6E80-42D8-88BE-28A6CE4076A9}.Release|Any CPU.Build.0 = Release|Any CPU
	EndGlobalSection
	GlobalSection(SolutionProperties) = preSolution
		HideSolutionNode = FALSE
	EndGlobalSection
	GlobalSection(ExtensibilityGlobals) = postSolution
		SolutionGuid = {19AABE11-F931-414C-8B62-89012A63E965}
	EndGlobalSection
EndGlobal
